
Microsoft Visual Studio Solution File, Format Version 12.00
# Visual Studio Version 16
VisualStudioVersion = 16.0.31613.86
MinimumVisualStudioVersion = 10.0.40219.1
Project("{FAE04EC0-301F-11D3-BF4B-00C04F79EFBC}") = "Laboratorio04.Android", "Laboratorio04\Laboratorio04.Android\Laboratorio04.Android.csproj", "{B892B8AF-0E6A-46F5-8C04-CD3FE96B9404}"
EndProject
Project("{FAE04EC0-301F-11D3-BF4B-00C04F79EFBC}") = "Laboratorio04.iOS", "Laboratorio04\Laboratorio04.iOS\Laboratorio04.iOS.csproj", "{5A9BCC95-C639-4F7D-85DC-1621414F7821}"
EndProject
Project("{FAE04EC0-301F-11D3-BF4B-00C04F79EFBC}") = "Laboratorio04", "Laboratorio04\Laboratorio04\Laboratorio04.csproj", "{22F65F0A-925A-478A-956A-A74373FBDD0B}"
EndProject
Global
	GlobalSection(SolutionConfigurationPlatforms) = preSolution
		Debug|Any CPU = Debug|Any CPU
		Debug|iPhone = Debug|iPhone
		Debug|iPhoneSimulator = Debug|iPhoneSimulator
		Release|Any CPU = Release|Any CPU
		Release|iPhone = Release|iPhone
		Release|iPhoneSimulator = Release|iPhoneSimulator
	EndGlobalSection
	GlobalSection(ProjectConfigurationPlatforms) = postSolution
		{B892B8AF-0E6A-46F5-8C04-CD3FE96B9404}.Debug|Any CPU.ActiveCfg = Debug|Any CPU
		{B892B8AF-0E6A-46F5-8C04-CD3FE96B9404}.Debug|Any CPU.Build.0 = Debug|Any CPU
		{B892B8AF-0E6A-46F5-8C04-CD3FE96B9404}.Debug|Any CPU.Deploy.0 = Debug|Any CPU
		{B892B8AF-0E6A-46F5-8C04-CD3FE96B9404}.Debug|iPhone.ActiveCfg = Debug|Any CPU
		{B892B8AF-0E6A-46F5-8C04-CD3FE96B9404}.Debug|iPhone.Build.0 = Debug|Any CPU
		{B892B8AF-0E6A-46F5-8C04-CD3FE96B9404}.Debug|iPhone.Deploy.0 = Debug|Any CPU
		{B892B8AF-0E6A-46F5-8C04-CD3FE96B9404}.Debug|iPhoneSimulator.ActiveCfg = Debug|Any CPU
		{B892B8AF-0E6A-46F5-8C04-CD3FE96B9404}.Debug|iPhoneSimulator.Build.0 = Debug|Any CPU
		{B892B8AF-0E6A-46F5-8C04-CD3FE96B9404}.Debug|iPhoneSimulator.Deploy.0 = Debug|Any CPU
		{B892B8AF-0E6A-46F5-8C04-CD3FE96B9404}.Release|Any CPU.ActiveCfg = Release|Any CPU
		{B892B8AF-0E6A-46F5-8C04-CD3FE96B9404}.Release|Any CPU.Build.0 = Release|Any CPU
		{B892B8AF-0E6A-46F5-8C04-CD3FE96B9404}.Release|Any CPU.Deploy.0 = Release|Any CPU
		{B892B8AF-0E6A-46F5-8C04-CD3FE96B9404}.Release|iPhone.ActiveCfg = Release|Any CPU
		{B892B8AF-0E6A-46F5-8C04-CD3FE96B9404}.Release|iPhone.Build.0 = Release|Any CPU
		{B892B8AF-0E6A-46F5-8C04-CD3FE96B9404}.Release|iPhone.Deploy.0 = Release|Any CPU
		{B892B8AF-0E6A-46F5-8C04-CD3FE96B9404}.Release|iPhoneSimulator.ActiveCfg = Release|Any CPU
		{B892B8AF-0E6A-46F5-8C04-CD3FE96B9404}.Release|iPhoneSimulator.Build.0 = Release|Any CPU
		{B892B8AF-0E6A-46F5-8C04-CD3FE96B9404}.Release|iPhoneSimulator.Deploy.0 = Release|Any CPU
		{5A9BCC95-C639-4F7D-85DC-1621414F7821}.Debug|Any CPU.ActiveCfg = Debug|iPhone
		{5A9BCC95-C639-4F7D-85DC-1621414F7821}.Debug|Any CPU.Build.0 = Debug|iPhone
		{5A9BCC95-C639-4F7D-85DC-1621414F7821}.Debug|Any CPU.Deploy.0 = Debug|iPhone
		{5A9BCC95-C639-4F7D-85DC-1621414F7821}.Debug|iPhone.ActiveCfg = Debug|iPhone
		{5A9BCC95-C639-4F7D-85DC-1621414F7821}.Debug|iPhone.Build.0 = Debug|iPhone
		{5A9BCC95-C639-4F7D-85DC-1621414F7821}.Debug|iPhone.Deploy.0 = Debug|iPhone
		{5A9BCC95-C639-4F7D-85DC-1621414F7821}.Debug|iPhoneSimulator.ActiveCfg = Debug|iPhoneSimulator
		{5A9BCC95-C639-4F7D-85DC-1621414F7821}.Debug|iPhoneSimulator.Build.0 = Debug|iPhoneSimulator
		{5A9BCC95-C639-4F7D-85DC-1621414F7821}.Debug|iPhoneSimulator.Deploy.0 = Debug|iPhoneSimulator
		{5A9BCC95-C639-4F7D-85DC-1621414F7821}.Release|Any CPU.ActiveCfg = Release|iPhoneSimulator
		{5A9BCC95-C639-4F7D-85DC-1621414F7821}.Release|Any CPU.Build.0 = Release|iPhoneSimulator
		{5A9BCC95-C639-4F7D-85DC-1621414F7821}.Release|Any CPU.Deploy.0 = Release|iPhoneSimulator
		{5A9BCC95-C639-4F7D-85DC-1621414F7821}.Release|iPhone.ActiveCfg = Release|iPhone
		{5A9BCC95-C639-4F7D-85DC-1621414F7821}.Release|iPhone.Build.0 = Release|iPhone
		{5A9BCC95-C639-4F7D-85DC-1621414F7821}.Release|iPhone.Deploy.0 = Release|iPhone
		{5A9BCC95-C639-4F7D-85DC-1621414F7821}.Release|iPhoneSimulator.ActiveCfg = Release|iPhoneSimulator
		{5A9BCC95-C639-4F7D-85DC-1621414F7821}.Release|iPhoneSimulator.Build.0 = Release|iPhoneSimulator
		{5A9BCC95-C639-4F7D-85DC-1621414F7821}.Release|iPhoneSimulator.Deploy.0 = Release|iPhoneSimulator
		{22F65F0A-925A-478A-956A-A74373FBDD0B}.Debug|Any CPU.ActiveCfg = Debug|Any CPU
		{22F65F0A-925A-478A-956A-A74373FBDD0B}.Debug|Any CPU.Build.0 = Debug|Any CPU
		{22F65F0A-925A-478A-956A-A74373FBDD0B}.Debug|Any CPU.Deploy.0 = Debug|Any CPU
		{22F65F0A-925A-478A-956A-A74373FBDD0B}.Debug|iPhone.ActiveCfg = Debug|Any CPU
		{22F65F0A-925A-478A-956A-A74373FBDD0B}.Debug|iPhone.Build.0 = Debug|Any CPU
		{22F65F0A-925A-478A-956A-A74373FBDD0B}.Debug|iPhone.Deploy.0 = Debug|Any CPU
		{22F65F0A-925A-478A-956A-A74373FBDD0B}.Debug|iPhoneSimulator.ActiveCfg = Debug|Any CPU
		{22F65F0A-925A-478A-956A-A74373FBDD0B}.Debug|iPhoneSimulator.Build.0 = Debug|Any CPU
		{22F65F0A-925A-478A-956A-A74373FBDD0B}.Debug|iPhoneSimulator.Deploy.0 = Debug|Any CPU
		{22F65F0A-925A-478A-956A-A74373FBDD0B}.Release|Any CPU.ActiveCfg = Release|Any CPU
		{22F65F0A-925A-478A-956A-A74373FBDD0B}.Release|Any CPU.Build.0 = Release|Any CPU
		{22F65F0A-925A-478A-956A-A74373FBDD0B}.Release|Any CPU.Deploy.0 = Release|Any CPU
		{22F65F0A-925A-478A-956A-A74373FBDD0B}.Release|iPhone.ActiveCfg = Release|Any CPU
		{22F65F0A-925A-478A-956A-A74373FBDD0B}.Release|iPhone.Build.0 = Release|Any CPU
		{22F65F0A-925A-478A-956A-A74373FBDD0B}.Release|iPhone.Deploy.0 = Release|Any CPU
		{22F65F0A-925A-478A-956A-A74373FBDD0B}.Release|iPhoneSimulator.ActiveCfg = Release|Any CPU
		{22F65F0A-925A-478A-956A-A74373FBDD0B}.Release|iPhoneSimulator.Build.0 = Release|Any CPU
		{22F65F0A-925A-478A-956A-A74373FBDD0B}.Release|iPhoneSimulator.Deploy.0 = Release|Any CPU
	EndGlobalSection
	GlobalSection(SolutionProperties) = preSolution
		HideSolutionNode = FALSE
	EndGlobalSection
	GlobalSection(ExtensibilityGlobals) = postSolution
		SolutionGuid = {E0293A16-F769-4B42-BD57-2EAA5BB9D65B}
	EndGlobalSection
EndGlobal
